
Microsoft Visual Studio Solution File, Format Version 12.00
# Visual Studio Version 17
VisualStudioVersion = 17.1.32414.318
MinimumVisualStudioVersion = 10.0.40219.1
Project("{FAE04EC0-301F-11D3-BF4B-00C04F79EFBC}") = "PickACardBlazor", "PickACardBlazor\PickACardBlazor.csproj", "{B9939F2E-5561-47E6-953A-4B5925469BF3}"
EndProject
Global
	GlobalSection(SolutionConfigurationPlatforms) = preSolution
		Debug|Any CPU = Debug|Any CPU
		Release|Any CPU = Release|Any CPU
	EndGlobalSection
	GlobalSection(ProjectConfigurationPlatforms) = postSolution
		{B9939F2E-5561-47E6-953A-4B5925469BF3}.Debug|Any CPU.ActiveCfg = Debug|Any CPU
		{B9939F2E-5561-47E6-953A-4B5925469BF3}.Debug|Any CPU.Build.0 = Debug|Any CPU
		{B9939F2E-5561-47E6-953A-4B5925469BF3}.Release|Any CPU.ActiveCfg = Release|Any CPU
		{B9939F2E-5561-47E6-953A-4B5925469BF3}.Release|Any CPU.Build.0 = Release|Any CPU
	EndGlobalSection
	GlobalSection(SolutionProperties) = preSolution
		HideSolutionNode = FALSE
	EndGlobalSection
	GlobalSection(ExtensibilityGlobals) = postSolution
		SolutionGuid = {BD519EA4-0E16-4D94-9185-608A7A0D0304}
	EndGlobalSection
EndGlobal
