
Microsoft Visual Studio Solution File, Format Version 12.00
# Visual Studio Version 17
VisualStudioVersion = 17.1.32421.90
MinimumVisualStudioVersion = 10.0.40219.1
Project("{FAE04EC0-301F-11D3-BF4B-00C04F79EFBC}") = "ConsoleAppTallGuy", "ConsoleAppTallGuy\ConsoleAppTallGuy.csproj", "{BADE05BA-AD55-449D-B4F7-C12044B7E00E}"
EndProject
Global
	GlobalSection(SolutionConfigurationPlatforms) = preSolution
		Debug|Any CPU = Debug|Any CPU
		Release|Any CPU = Release|Any CPU
	EndGlobalSection
	GlobalSection(ProjectConfigurationPlatforms) = postSolution
		{BADE05BA-AD55-449D-B4F7-C12044B7E00E}.Debug|Any CPU.ActiveCfg = Debug|Any CPU
		{BADE05BA-AD55-449D-B4F7-C12044B7E00E}.Debug|Any CPU.Build.0 = Debug|Any CPU
		{BADE05BA-AD55-449D-B4F7-C12044B7E00E}.Release|Any CPU.ActiveCfg = Release|Any CPU
		{BADE05BA-AD55-449D-B4F7-C12044B7E00E}.Release|Any CPU.Build.0 = Release|Any CPU
	EndGlobalSection
	GlobalSection(SolutionProperties) = preSolution
		HideSolutionNode = FALSE
	EndGlobalSection
	GlobalSection(ExtensibilityGlobals) = postSolution
		SolutionGuid = {779A313C-C57F-4D6B-8BEF-073F4C6C7D2C}
	EndGlobalSection
EndGlobal
