
Microsoft Visual Studio Solution File, Format Version 12.00
# Visual Studio Version 17
VisualStudioVersion = 17.1.32421.90
MinimumVisualStudioVersion = 10.0.40219.1
Project("{FAE04EC0-301F-11D3-BF4B-00C04F79EFBC}") = "ConsoleAppShoes", "ConsoleAppShoes\ConsoleAppShoes.csproj", "{68D49C93-1B60-46DB-8DB5-6803B5C7954A}"
EndProject
Global
	GlobalSection(SolutionConfigurationPlatforms) = preSolution
		Debug|Any CPU = Debug|Any CPU
		Release|Any CPU = Release|Any CPU
	EndGlobalSection
	GlobalSection(ProjectConfigurationPlatforms) = postSolution
		{68D49C93-1B60-46DB-8DB5-6803B5C7954A}.Debug|Any CPU.ActiveCfg = Debug|Any CPU
		{68D49C93-1B60-46DB-8DB5-6803B5C7954A}.Debug|Any CPU.Build.0 = Debug|Any CPU
		{68D49C93-1B60-46DB-8DB5-6803B5C7954A}.Release|Any CPU.ActiveCfg = Release|Any CPU
		{68D49C93-1B60-46DB-8DB5-6803B5C7954A}.Release|Any CPU.Build.0 = Release|Any CPU
	EndGlobalSection
	GlobalSection(SolutionProperties) = preSolution
		HideSolutionNode = FALSE
	EndGlobalSection
	GlobalSection(ExtensibilityGlobals) = postSolution
		SolutionGuid = {C573B0AB-11F8-4244-8D8F-E8B84BFF02BB}
	EndGlobalSection
EndGlobal
