
Microsoft Visual Studio Solution File, Format Version 12.00
# Visual Studio Version 17
VisualStudioVersion = 17.1.32421.90
MinimumVisualStudioVersion = 10.0.40219.1
Project("{FAE04EC0-301F-11D3-BF4B-00C04F79EFBC}") = "ConsoleAppDamageCalculatorEncapsulation", "ConsoleAppDamageCalculatorEncapsulation\ConsoleAppDamageCalculatorEncapsulation.csproj", "{D02CF53C-43B2-4CE1-9922-93B52F164C68}"
EndProject
Global
	GlobalSection(SolutionConfigurationPlatforms) = preSolution
		Debug|Any CPU = Debug|Any CPU
		Release|Any CPU = Release|Any CPU
	EndGlobalSection
	GlobalSection(ProjectConfigurationPlatforms) = postSolution
		{D02CF53C-43B2-4CE1-9922-93B52F164C68}.Debug|Any CPU.ActiveCfg = Debug|Any CPU
		{D02CF53C-43B2-4CE1-9922-93B52F164C68}.Debug|Any CPU.Build.0 = Debug|Any CPU
		{D02CF53C-43B2-4CE1-9922-93B52F164C68}.Release|Any CPU.ActiveCfg = Release|Any CPU
		{D02CF53C-43B2-4CE1-9922-93B52F164C68}.Release|Any CPU.Build.0 = Release|Any CPU
	EndGlobalSection
	GlobalSection(SolutionProperties) = preSolution
		HideSolutionNode = FALSE
	EndGlobalSection
	GlobalSection(ExtensibilityGlobals) = postSolution
		SolutionGuid = {DC809723-6D56-4185-8177-ACE2CA5A1EA8}
	EndGlobalSection
EndGlobal
