
Microsoft Visual Studio Solution File, Format Version 12.00
# Visual Studio Version 17
VisualStudioVersion = 17.1.32421.90
MinimumVisualStudioVersion = 10.0.40219.1
Project("{FAE04EC0-301F-11D3-BF4B-00C04F79EFBC}") = "ConsoleAppBirdsCovariance", "ConsoleAppBirdsCovariance\ConsoleAppBirdsCovariance.csproj", "{F8479948-4775-402F-B824-95B0E32F1105}"
EndProject
Global
	GlobalSection(SolutionConfigurationPlatforms) = preSolution
		Debug|Any CPU = Debug|Any CPU
		Release|Any CPU = Release|Any CPU
	EndGlobalSection
	GlobalSection(ProjectConfigurationPlatforms) = postSolution
		{F8479948-4775-402F-B824-95B0E32F1105}.Debug|Any CPU.ActiveCfg = Debug|Any CPU
		{F8479948-4775-402F-B824-95B0E32F1105}.Debug|Any CPU.Build.0 = Debug|Any CPU
		{F8479948-4775-402F-B824-95B0E32F1105}.Release|Any CPU.ActiveCfg = Release|Any CPU
		{F8479948-4775-402F-B824-95B0E32F1105}.Release|Any CPU.Build.0 = Release|Any CPU
	EndGlobalSection
	GlobalSection(SolutionProperties) = preSolution
		HideSolutionNode = FALSE
	EndGlobalSection
	GlobalSection(ExtensibilityGlobals) = postSolution
		SolutionGuid = {E707817F-AFF2-4046-9E0D-389B5D7CF23F}
	EndGlobalSection
EndGlobal
