
Microsoft Visual Studio Solution File, Format Version 12.00
# Visual Studio Version 17
VisualStudioVersion = 17.1.32421.90
MinimumVisualStudioVersion = 10.0.40219.1
Project("{FAE04EC0-301F-11D3-BF4B-00C04F79EFBC}") = "CalculateDamageUiEncapsulation", "CalculateDamageUiEncapsulation\CalculateDamageUiEncapsulation.csproj", "{3D1C953F-9CAF-4BBC-9F21-0DD59F161630}"
EndProject
Global
	GlobalSection(SolutionConfigurationPlatforms) = preSolution
		Debug|Any CPU = Debug|Any CPU
		Release|Any CPU = Release|Any CPU
	EndGlobalSection
	GlobalSection(ProjectConfigurationPlatforms) = postSolution
		{3D1C953F-9CAF-4BBC-9F21-0DD59F161630}.Debug|Any CPU.ActiveCfg = Debug|Any CPU
		{3D1C953F-9CAF-4BBC-9F21-0DD59F161630}.Debug|Any CPU.Build.0 = Debug|Any CPU
		{3D1C953F-9CAF-4BBC-9F21-0DD59F161630}.Release|Any CPU.ActiveCfg = Release|Any CPU
		{3D1C953F-9CAF-4BBC-9F21-0DD59F161630}.Release|Any CPU.Build.0 = Release|Any CPU
	EndGlobalSection
	GlobalSection(SolutionProperties) = preSolution
		HideSolutionNode = FALSE
	EndGlobalSection
	GlobalSection(ExtensibilityGlobals) = postSolution
		SolutionGuid = {177440BC-4119-4AF4-A0B1-6600C83A3ED3}
	EndGlobalSection
EndGlobal
