
Microsoft Visual Studio Solution File, Format Version 12.00
# Visual Studio Version 17
VisualStudioVersion = 17.1.32407.343
MinimumVisualStudioVersion = 10.0.40219.1
Project("{FAE04EC0-301F-11D3-BF4B-00C04F79EFBC}") = "SloppyJoe", "SloppyJoe\SloppyJoe.csproj", "{37943924-B9CB-4462-A3A3-6E1684AEF07A}"
EndProject
Global
	GlobalSection(SolutionConfigurationPlatforms) = preSolution
		Debug|Any CPU = Debug|Any CPU
		Release|Any CPU = Release|Any CPU
	EndGlobalSection
	GlobalSection(ProjectConfigurationPlatforms) = postSolution
		{37943924-B9CB-4462-A3A3-6E1684AEF07A}.Debug|Any CPU.ActiveCfg = Debug|Any CPU
		{37943924-B9CB-4462-A3A3-6E1684AEF07A}.Debug|Any CPU.Build.0 = Debug|Any CPU
		{37943924-B9CB-4462-A3A3-6E1684AEF07A}.Release|Any CPU.ActiveCfg = Release|Any CPU
		{37943924-B9CB-4462-A3A3-6E1684AEF07A}.Release|Any CPU.Build.0 = Release|Any CPU
	EndGlobalSection
	GlobalSection(SolutionProperties) = preSolution
		HideSolutionNode = FALSE
	EndGlobalSection
	GlobalSection(ExtensibilityGlobals) = postSolution
		SolutionGuid = {3367F177-184E-4848-9907-BC7EAECBF26B}
	EndGlobalSection
EndGlobal
