
Microsoft Visual Studio Solution File, Format Version 12.00
# Visual Studio Version 17
VisualStudioVersion = 17.1.32421.90
MinimumVisualStudioVersion = 10.0.40219.1
Project("{FAE04EC0-301F-11D3-BF4B-00C04F79EFBC}") = "ConsoleAppDamageCalculator", "ConsoleAppDamageCalculator\ConsoleAppDamageCalculator.csproj", "{C1C26480-F85C-4331-879D-436AABF612A4}"
EndProject
Global
	GlobalSection(SolutionConfigurationPlatforms) = preSolution
		Debug|Any CPU = Debug|Any CPU
		Release|Any CPU = Release|Any CPU
	EndGlobalSection
	GlobalSection(ProjectConfigurationPlatforms) = postSolution
		{C1C26480-F85C-4331-879D-436AABF612A4}.Debug|Any CPU.ActiveCfg = Debug|Any CPU
		{C1C26480-F85C-4331-879D-436AABF612A4}.Debug|Any CPU.Build.0 = Debug|Any CPU
		{C1C26480-F85C-4331-879D-436AABF612A4}.Release|Any CPU.ActiveCfg = Release|Any CPU
		{C1C26480-F85C-4331-879D-436AABF612A4}.Release|Any CPU.Build.0 = Release|Any CPU
	EndGlobalSection
	GlobalSection(SolutionProperties) = preSolution
		HideSolutionNode = FALSE
	EndGlobalSection
	GlobalSection(ExtensibilityGlobals) = postSolution
		SolutionGuid = {76AB0A96-72DE-4E6D-83E0-1A72E74DC175}
	EndGlobalSection
EndGlobal
