
Microsoft Visual Studio Solution File, Format Version 12.00
# Visual Studio Version 17
VisualStudioVersion = 17.1.32421.90
MinimumVisualStudioVersion = 10.0.40219.1
Project("{FAE04EC0-301F-11D3-BF4B-00C04F79EFBC}") = "DamageCalculatorUI", "DamageCalculatorUI\DamageCalculatorUI.csproj", "{C7592468-95FF-4C53-9E0E-E767DEAA58FC}"
EndProject
Global
	GlobalSection(SolutionConfigurationPlatforms) = preSolution
		Debug|Any CPU = Debug|Any CPU
		Release|Any CPU = Release|Any CPU
	EndGlobalSection
	GlobalSection(ProjectConfigurationPlatforms) = postSolution
		{C7592468-95FF-4C53-9E0E-E767DEAA58FC}.Debug|Any CPU.ActiveCfg = Debug|Any CPU
		{C7592468-95FF-4C53-9E0E-E767DEAA58FC}.Debug|Any CPU.Build.0 = Debug|Any CPU
		{C7592468-95FF-4C53-9E0E-E767DEAA58FC}.Release|Any CPU.ActiveCfg = Release|Any CPU
		{C7592468-95FF-4C53-9E0E-E767DEAA58FC}.Release|Any CPU.Build.0 = Release|Any CPU
	EndGlobalSection
	GlobalSection(SolutionProperties) = preSolution
		HideSolutionNode = FALSE
	EndGlobalSection
	GlobalSection(ExtensibilityGlobals) = postSolution
		SolutionGuid = {583C2B6D-0A4E-411E-ABF0-111EDD8A508E}
	EndGlobalSection
EndGlobal
