
Microsoft Visual Studio Solution File, Format Version 12.00
# Visual Studio Version 17
VisualStudioVersion = 17.1.32421.90
MinimumVisualStudioVersion = 10.0.40219.1
Project("{FAE04EC0-301F-11D3-BF4B-00C04F79EFBC}") = "ConsoleAppJumbledCards", "ConsoleAppJumbledCards\ConsoleAppJumbledCards.csproj", "{43729720-CD5F-4270-97C1-F62247F4E047}"
EndProject
Global
	GlobalSection(SolutionConfigurationPlatforms) = preSolution
		Debug|Any CPU = Debug|Any CPU
		Release|Any CPU = Release|Any CPU
	EndGlobalSection
	GlobalSection(ProjectConfigurationPlatforms) = postSolution
		{43729720-CD5F-4270-97C1-F62247F4E047}.Debug|Any CPU.ActiveCfg = Debug|Any CPU
		{43729720-CD5F-4270-97C1-F62247F4E047}.Debug|Any CPU.Build.0 = Debug|Any CPU
		{43729720-CD5F-4270-97C1-F62247F4E047}.Release|Any CPU.ActiveCfg = Release|Any CPU
		{43729720-CD5F-4270-97C1-F62247F4E047}.Release|Any CPU.Build.0 = Release|Any CPU
	EndGlobalSection
	GlobalSection(SolutionProperties) = preSolution
		HideSolutionNode = FALSE
	EndGlobalSection
	GlobalSection(ExtensibilityGlobals) = postSolution
		SolutionGuid = {99E14A7C-715D-487C-B203-FA9342426DDF}
	EndGlobalSection
EndGlobal
